
Microsoft Visual Studio Solution File, Format Version 12.00
# Visual Studio Version 16
VisualStudioVersion = 16.0.29102.190
MinimumVisualStudioVersion = 10.0.40219.1
Project("{FAE04EC0-301F-11D3-BF4B-00C04F79EFBC}") = "MainProject", "MainProject\MainProject.csproj", "{FEEB9F8E-451F-42C6-B854-B52621AA61C6}"
EndProject
Project("{FAE04EC0-301F-11D3-BF4B-00C04F79EFBC}") = "GlobalInit", "GlobalInit\GlobalInit.csproj", "{37D787F6-FD28-4559-A3F9-C3B19F9F3884}"
EndProject
Project("{00D1A9C2-B5F0-4AF3-8072-F6C62B433612}") = "Database", "Database\Database.sqlproj", "{39C9B361-E915-4EFB-8661-8355B949A23A}"
EndProject
Global
	GlobalSection(SolutionConfigurationPlatforms) = preSolution
		Debug|Any CPU = Debug|Any CPU
		Release|Any CPU = Release|Any CPU
	EndGlobalSection
	GlobalSection(ProjectConfigurationPlatforms) = postSolution
		{FEEB9F8E-451F-42C6-B854-B52621AA61C6}.Debug|Any CPU.ActiveCfg = Debug|Any CPU
		{FEEB9F8E-451F-42C6-B854-B52621AA61C6}.Debug|Any CPU.Build.0 = Debug|Any CPU
		{FEEB9F8E-451F-42C6-B854-B52621AA61C6}.Release|Any CPU.ActiveCfg = Release|Any CPU
		{FEEB9F8E-451F-42C6-B854-B52621AA61C6}.Release|Any CPU.Build.0 = Release|Any CPU
		{37D787F6-FD28-4559-A3F9-C3B19F9F3884}.Debug|Any CPU.ActiveCfg = Debug|Any CPU
		{37D787F6-FD28-4559-A3F9-C3B19F9F3884}.Debug|Any CPU.Build.0 = Debug|Any CPU
		{37D787F6-FD28-4559-A3F9-C3B19F9F3884}.Release|Any CPU.ActiveCfg = Release|Any CPU
		{37D787F6-FD28-4559-A3F9-C3B19F9F3884}.Release|Any CPU.Build.0 = Release|Any CPU
		{39C9B361-E915-4EFB-8661-8355B949A23A}.Debug|Any CPU.ActiveCfg = Debug|Any CPU
		{39C9B361-E915-4EFB-8661-8355B949A23A}.Debug|Any CPU.Build.0 = Debug|Any CPU
		{39C9B361-E915-4EFB-8661-8355B949A23A}.Debug|Any CPU.Deploy.0 = Debug|Any CPU
		{39C9B361-E915-4EFB-8661-8355B949A23A}.Release|Any CPU.ActiveCfg = Release|Any CPU
		{39C9B361-E915-4EFB-8661-8355B949A23A}.Release|Any CPU.Build.0 = Release|Any CPU
		{39C9B361-E915-4EFB-8661-8355B949A23A}.Release|Any CPU.Deploy.0 = Release|Any CPU
	EndGlobalSection
	GlobalSection(SolutionProperties) = preSolution
		HideSolutionNode = FALSE
	EndGlobalSection
	GlobalSection(ExtensibilityGlobals) = postSolution
		SolutionGuid = {C2D6D643-CEB4-4F7F-9449-C19640966961}
	EndGlobalSection
EndGlobal
